
Microsoft Visual Studio Solution File, Format Version 12.00
# Visual Studio 14
VisualStudioVersion = 14.0.25123.0
MinimumVisualStudioVersion = 10.0.40219.1
Project("{FAE04EC0-301F-11D3-BF4B-00C04F79EFBC}") = "MontyHallProblem", "MontyHallProblem\MontyHallProblem.csproj", "{70CA78E4-52D5-461F-8DA4-2E4B0752EF70}"
EndProject
Project("{FAE04EC0-301F-11D3-BF4B-00C04F79EFBC}") = "MontyHallProblemTests", "MontyHallProblemTests\MontyHallProblemTests.csproj", "{6F231837-48A5-4100-B382-78C9E5ECE5E8}"
EndProject
Project("{FAE04EC0-301F-11D3-BF4B-00C04F79EFBC}") = "MontyHallConsoleApp", "MontyHallConsoleApp\MontyHallConsoleApp.csproj", "{5520758B-AC05-48EA-8143-4A19185CF00D}"
EndProject
Global
	GlobalSection(SolutionConfigurationPlatforms) = preSolution
		Debug|Any CPU = Debug|Any CPU
		Release|Any CPU = Release|Any CPU
	EndGlobalSection
	GlobalSection(ProjectConfigurationPlatforms) = postSolution
		{70CA78E4-52D5-461F-8DA4-2E4B0752EF70}.Debug|Any CPU.ActiveCfg = Debug|Any CPU
		{70CA78E4-52D5-461F-8DA4-2E4B0752EF70}.Debug|Any CPU.Build.0 = Debug|Any CPU
		{70CA78E4-52D5-461F-8DA4-2E4B0752EF70}.Release|Any CPU.ActiveCfg = Release|Any CPU
		{70CA78E4-52D5-461F-8DA4-2E4B0752EF70}.Release|Any CPU.Build.0 = Release|Any CPU
		{6F231837-48A5-4100-B382-78C9E5ECE5E8}.Debug|Any CPU.ActiveCfg = Debug|Any CPU
		{6F231837-48A5-4100-B382-78C9E5ECE5E8}.Debug|Any CPU.Build.0 = Debug|Any CPU
		{6F231837-48A5-4100-B382-78C9E5ECE5E8}.Release|Any CPU.ActiveCfg = Release|Any CPU
		{6F231837-48A5-4100-B382-78C9E5ECE5E8}.Release|Any CPU.Build.0 = Release|Any CPU
		{5520758B-AC05-48EA-8143-4A19185CF00D}.Debug|Any CPU.ActiveCfg = Debug|Any CPU
		{5520758B-AC05-48EA-8143-4A19185CF00D}.Debug|Any CPU.Build.0 = Debug|Any CPU
		{5520758B-AC05-48EA-8143-4A19185CF00D}.Release|Any CPU.ActiveCfg = Release|Any CPU
		{5520758B-AC05-48EA-8143-4A19185CF00D}.Release|Any CPU.Build.0 = Release|Any CPU
	EndGlobalSection
	GlobalSection(SolutionProperties) = preSolution
		HideSolutionNode = FALSE
	EndGlobalSection
	GlobalSection(TeamFoundationVersionControl) = preSolution
		SccNumberOfProjects = 4
		SccEnterpriseProvider = {4CA58AB2-18FA-4F8D-95D4-32DDF27D184C}
		SccTeamFoundationServer = https://nikolaskosse.visualstudio.com/
		SccLocalPath0 = .
		SccProjectUniqueName1 = MontyHallProblem\\MontyHallProblem.csproj
		SccProjectName1 = MontyHallProblem
		SccLocalPath1 = MontyHallProblem
		SccProjectUniqueName2 = MontyHallProblemTests\\MontyHallProblemTests.csproj
		SccProjectName2 = MontyHallProblemTests
		SccLocalPath2 = MontyHallProblemTests
		SccProjectUniqueName3 = MontyHallConsoleApp\\MontyHallConsoleApp.csproj
		SccProjectName3 = MontyHallConsoleApp
		SccLocalPath3 = MontyHallConsoleApp
	EndGlobalSection
EndGlobal
